
Microsoft Visual Studio Solution File, Format Version 12.00
# Visual Studio Version 16
VisualStudioVersion = 16.0.31515.178
MinimumVisualStudioVersion = 10.0.40219.1
Project("{F184B08F-C81C-45F6-A57F-5ABD9991F28F}") = "INVENTORY MANAGEMENT SYSTEM", "INVENTORY MANAGEMENT SYSTEM\INVENTORY MANAGEMENT SYSTEM.vbproj", "{5131D90D-86C9-4F2C-B4A7-1198CA2227A9}"
EndProject
Global
	GlobalSection(SolutionConfigurationPlatforms) = preSolution
		Debug|Any CPU = Debug|Any CPU
		Release|Any CPU = Release|Any CPU
	EndGlobalSection
	GlobalSection(ProjectConfigurationPlatforms) = postSolution
		{5131D90D-86C9-4F2C-B4A7-1198CA2227A9}.Debug|Any CPU.ActiveCfg = Debug|Any CPU
		{5131D90D-86C9-4F2C-B4A7-1198CA2227A9}.Debug|Any CPU.Build.0 = Debug|Any CPU
		{5131D90D-86C9-4F2C-B4A7-1198CA2227A9}.Release|Any CPU.ActiveCfg = Release|Any CPU
		{5131D90D-86C9-4F2C-B4A7-1198CA2227A9}.Release|Any CPU.Build.0 = Release|Any CPU
	EndGlobalSection
	GlobalSection(SolutionProperties) = preSolution
		HideSolutionNode = FALSE
	EndGlobalSection
	GlobalSection(ExtensibilityGlobals) = postSolution
		SolutionGuid = {DEBE05E5-BEE7-443D-BC40-460AB2888777}
	EndGlobalSection
EndGlobal
